// !$*UTF8*$!
{
	archiveVersion = 1;
	classes = {
	};
	objectVersion = 46;
	objects = {

/* Begin PBXBuildFile section */
		EAB902611C4854B600A906AC /* main.c in Sources */ = {isa = PBXBuildFile; fileRef = EAB902601C4854B600A906AC /* main.c */; };
		EAB902641C48631700A906AC /* array.c in Sources */ = {isa = PBXBuildFile; fileRef = EAB902621C48631700A906AC /* array.c */; };
		EAB902671C49B60200A906AC /* test.c in Sources */ = {isa = PBXBuildFile; fileRef = EAB902651C49B60200A906AC /* test.c */; };
		EAB9026C1C49BD2A00A906AC /* objectidpool.c in Sources */ = {isa = PBXBuildFile; fileRef = EAB9026A1C49BD2A00A906AC /* objectidpool.c */; };
		EAB9026F1C4A9D9900A906AC /* componentpool.c in Sources */ = {isa = PBXBuildFile; fileRef = EAB9026D1C4A9D9900A906AC /* componentpool.c */; };
		EAB902721C4AA07B00A906AC /* stringhash.c in Sources */ = {isa = PBXBuildFile; fileRef = EAB902701C4AA07B00A906AC /* stringhash.c */; };
		EAB902751C4AA24000A906AC /* entitycomponentsystem.c in Sources */ = {isa = PBXBuildFile; fileRef = EAB902731C4AA24000A906AC /* entitycomponentsystem.c */; };
/* End PBXBuildFile section */

/* Begin PBXCopyFilesBuildPhase section */
		EAB902541C48549300A906AC /* CopyFiles */ = {
			isa = PBXCopyFilesBuildPhase;
			buildActionMask = 2147483647;
			dstPath = /usr/share/man/man1/;
			dstSubfolderSpec = 0;
			files = (
			);
			runOnlyForDeploymentPostprocessing = 1;
		};
/* End PBXCopyFilesBuildPhase section */

/* Begin PBXFileReference section */
		EAB902561C48549300A906AC /* ecs */ = {isa = PBXFileReference; explicitFileType = "compiled.mach-o.executable"; includeInIndex = 0; path = ecs; sourceTree = BUILT_PRODUCTS_DIR; };
		EAB902601C4854B600A906AC /* main.c */ = {isa = PBXFileReference; fileEncoding = 4; lastKnownFileType = sourcecode.c.c; path = main.c; sourceTree = "<group>"; };
		EAB902621C48631700A906AC /* array.c */ = {isa = PBXFileReference; fileEncoding = 4; lastKnownFileType = sourcecode.c.c; path = array.c; sourceTree = "<group>"; };
		EAB902631C48631700A906AC /* array.h */ = {isa = PBXFileReference; fileEncoding = 4; lastKnownFileType = sourcecode.c.h; path = array.h; sourceTree = "<group>"; };
		EAB902651C49B60200A906AC /* test.c */ = {isa = PBXFileReference; fileEncoding = 4; lastKnownFileType = sourcecode.c.c; path = test.c; sourceTree = "<group>"; };
		EAB902661C49B60200A906AC /* test.h */ = {isa = PBXFileReference; fileEncoding = 4; lastKnownFileType = sourcecode.c.h; path = test.h; sourceTree = "<group>"; };
		EAB902681C49B64800A906AC /* types.h */ = {isa = PBXFileReference; lastKnownFileType = sourcecode.c.h; path = types.h; sourceTree = "<group>"; };
		EAB902691C49B6A200A906AC /* log.h */ = {isa = PBXFileReference; lastKnownFileType = sourcecode.c.h; path = log.h; sourceTree = "<group>"; };
		EAB9026A1C49BD2A00A906AC /* objectidpool.c */ = {isa = PBXFileReference; fileEncoding = 4; lastKnownFileType = sourcecode.c.c; path = objectidpool.c; sourceTree = "<group>"; };
		EAB9026B1C49BD2A00A906AC /* objectidpool.h */ = {isa = PBXFileReference; fileEncoding = 4; lastKnownFileType = sourcecode.c.h; path = objectidpool.h; sourceTree = "<group>"; };
		EAB9026D1C4A9D9900A906AC /* componentpool.c */ = {isa = PBXFileReference; fileEncoding = 4; lastKnownFileType = sourcecode.c.c; path = componentpool.c; sourceTree = "<group>"; };
		EAB9026E1C4A9D9900A906AC /* componentpool.h */ = {isa = PBXFileReference; fileEncoding = 4; lastKnownFileType = sourcecode.c.h; path = componentpool.h; sourceTree = "<group>"; };
		EAB902701C4AA07B00A906AC /* stringhash.c */ = {isa = PBXFileReference; fileEncoding = 4; lastKnownFileType = sourcecode.c.c; path = stringhash.c; sourceTree = "<group>"; };
		EAB902711C4AA07B00A906AC /* stringhash.h */ = {isa = PBXFileReference; fileEncoding = 4; lastKnownFileType = sourcecode.c.h; path = stringhash.h; sourceTree = "<group>"; };
		EAB902731C4AA24000A906AC /* entitycomponentsystem.c */ = {isa = PBXFileReference; fileEncoding = 4; lastKnownFileType = sourcecode.c.c; path = entitycomponentsystem.c; sourceTree = "<group>"; };
		EAB902741C4AA24000A906AC /* entitycomponentsystem.h */ = {isa = PBXFileReference; fileEncoding = 4; lastKnownFileType = sourcecode.c.h; path = entitycomponentsystem.h; sourceTree = "<group>"; };
/* End PBXFileReference section */

/* Begin PBXFrameworksBuildPhase section */
		EAB902531C48549300A906AC /* Frameworks */ = {
			isa = PBXFrameworksBuildPhase;
			buildActionMask = 2147483647;
			files = (
			);
			runOnlyForDeploymentPostprocessing = 0;
		};
/* End PBXFrameworksBuildPhase section */

/* Begin PBXGroup section */
		EAB9024D1C48549300A906AC = {
			isa = PBXGroup;
			children = (
				EAB902731C4AA24000A906AC /* entitycomponentsystem.c */,
				EAB902741C4AA24000A906AC /* entitycomponentsystem.h */,
				EAB902701C4AA07B00A906AC /* stringhash.c */,
				EAB902711C4AA07B00A906AC /* stringhash.h */,
				EAB9026D1C4A9D9900A906AC /* componentpool.c */,
				EAB9026E1C4A9D9900A906AC /* componentpool.h */,
				EAB9026A1C49BD2A00A906AC /* objectidpool.c */,
				EAB9026B1C49BD2A00A906AC /* objectidpool.h */,
				EAB902691C49B6A200A906AC /* log.h */,
				EAB902681C49B64800A906AC /* types.h */,
				EAB902651C49B60200A906AC /* test.c */,
				EAB902661C49B60200A906AC /* test.h */,
				EAB902621C48631700A906AC /* array.c */,
				EAB902631C48631700A906AC /* array.h */,
				EAB902601C4854B600A906AC /* main.c */,
				EAB902571C48549300A906AC /* Products */,
			);
			sourceTree = "<group>";
		};
		EAB902571C48549300A906AC /* Products */ = {
			isa = PBXGroup;
			children = (
				EAB902561C48549300A906AC /* ecs */,
			);
			name = Products;
			sourceTree = "<group>";
		};
/* End PBXGroup section */

/* Begin PBXNativeTarget section */
		EAB902551C48549300A906AC /* ecs */ = {
			isa = PBXNativeTarget;
			buildConfigurationList = EAB9025D1C48549300A906AC /* Build configuration list for PBXNativeTarget "ecs" */;
			buildPhases = (
				EAB902521C48549300A906AC /* Sources */,
				EAB902531C48549300A906AC /* Frameworks */,
				EAB902541C48549300A906AC /* CopyFiles */,
			);
			buildRules = (
			);
			dependencies = (
			);
			name = ecs;
			productName = realloc;
			productReference = EAB902561C48549300A906AC /* ecs */;
			productType = "com.apple.product-type.tool";
		};
/* End PBXNativeTarget section */

/* Begin PBXProject section */
		EAB9024E1C48549300A906AC /* Project object */ = {
			isa = PBXProject;
			attributes = {
				LastUpgradeCheck = 0720;
				ORGANIZATIONNAME = lobotony;
				TargetAttributes = {
					EAB902551C48549300A906AC = {
						CreatedOnToolsVersion = 7.2;
					};
				};
			};
			buildConfigurationList = EAB902511C48549300A906AC /* Build configuration list for PBXProject "ecs" */;
			compatibilityVersion = "Xcode 3.2";
			developmentRegion = English;
			hasScannedForEncodings = 0;
			knownRegions = (
				en,
			);
			mainGroup = EAB9024D1C48549300A906AC;
			productRefGroup = EAB902571C48549300A906AC /* Products */;
			projectDirPath = "";
			projectRoot = "";
			targets = (
				EAB902551C48549300A906AC /* ecs */,
			);
		};
/* End PBXProject section */

/* Begin PBXSourcesBuildPhase section */
		EAB902521C48549300A906AC /* Sources */ = {
			isa = PBXSourcesBuildPhase;
			buildActionMask = 2147483647;
			files = (
				EAB9026F1C4A9D9900A906AC /* componentpool.c in Sources */,
				EAB902671C49B60200A906AC /* test.c in Sources */,
				EAB9026C1C49BD2A00A906AC /* objectidpool.c in Sources */,
				EAB902611C4854B600A906AC /* main.c in Sources */,
				EAB902721C4AA07B00A906AC /* stringhash.c in Sources */,
				EAB902751C4AA24000A906AC /* entitycomponentsystem.c in Sources */,
				EAB902641C48631700A906AC /* array.c in Sources */,
			);
			runOnlyForDeploymentPostprocessing = 0;
		};
/* End PBXSourcesBuildPhase section */

/* Begin XCBuildConfiguration section */
		EAB9025B1C48549300A906AC /* Debug */ = {
			isa = XCBuildConfiguration;
			buildSettings = {
				ALWAYS_SEARCH_USER_PATHS = NO;
				CLANG_CXX_LANGUAGE_STANDARD = "gnu++0x";
				CLANG_CXX_LIBRARY = "libc++";
				CLANG_ENABLE_MODULES = YES;
				CLANG_ENABLE_OBJC_ARC = YES;
				CLANG_WARN_BOOL_CONVERSION = YES;
				CLANG_WARN_CONSTANT_CONVERSION = YES;
				CLANG_WARN_DIRECT_OBJC_ISA_USAGE = YES_ERROR;
				CLANG_WARN_EMPTY_BODY = YES;
				CLANG_WARN_ENUM_CONVERSION = YES;
				CLANG_WARN_INT_CONVERSION = YES;
				CLANG_WARN_OBJC_ROOT_CLASS = YES_ERROR;
				CLANG_WARN_UNREACHABLE_CODE = YES;
				CLANG_WARN__DUPLICATE_METHOD_MATCH = YES;
				CODE_SIGN_IDENTITY = "-";
				COPY_PHASE_STRIP = NO;
				DEBUG_INFORMATION_FORMAT = dwarf;
				ENABLE_STRICT_OBJC_MSGSEND = YES;
				ENABLE_TESTABILITY = YES;
				GCC_C_LANGUAGE_STANDARD = gnu99;
				GCC_DYNAMIC_NO_PIC = NO;
				GCC_NO_COMMON_BLOCKS = YES;
				GCC_OPTIMIZATION_LEVEL = 0;
				GCC_PREPROCESSOR_DEFINITIONS = (
					"DEBUG=1",
					"$(inherited)",
				);
				GCC_WARN_64_TO_32_BIT_CONVERSION = YES;
				GCC_WARN_ABOUT_RETURN_TYPE = YES_ERROR;
				GCC_WARN_UNDECLARED_SELECTOR = YES;
				GCC_WARN_UNINITIALIZED_AUTOS = YES_AGGRESSIVE;
				GCC_WARN_UNUSED_FUNCTION = YES;
				GCC_WARN_UNUSED_VARIABLE = YES;
				MACOSX_DEPLOYMENT_TARGET = 10.11;
				MTL_ENABLE_DEBUG_INFO = YES;
				ONLY_ACTIVE_ARCH = YES;
				SDKROOT = macosx;
			};
			name = Debug;
		};
		EAB9025C1C48549300A906AC /* Release */ = {
			isa = XCBuildConfiguration;
			buildSettings = {
				ALWAYS_SEARCH_USER_PATHS = NO;
				CLANG_CXX_LANGUAGE_STANDARD = "gnu++0x";
				CLANG_CXX_LIBRARY = "libc++";
				CLANG_ENABLE_MODULES = YES;
				CLANG_ENABLE_OBJC_ARC = YES;
				CLANG_WARN_BOOL_CONVERSION = YES;
				CLANG_WARN_CONSTANT_CONVERSION = YES;
				CLANG_WARN_DIRECT_OBJC_ISA_USAGE = YES_ERROR;
				CLANG_WARN_EMPTY_BODY = YES;
				CLANG_WARN_ENUM_CONVERSION = YES;
				CLANG_WARN_INT_CONVERSION = YES;
				CLANG_WARN_OBJC_ROOT_CLASS = YES_ERROR;
				CLANG_WARN_UNREACHABLE_CODE = YES;
				CLANG_WARN__DUPLICATE_METHOD_MATCH = YES;
				CODE_SIGN_IDENTITY = "-";
				COPY_PHASE_STRIP = NO;
				DEBUG_INFORMATION_FORMAT = "dwarf-with-dsym";
				ENABLE_NS_ASSERTIONS = NO;
				ENABLE_STRICT_OBJC_MSGSEND = YES;
				GCC_C_LANGUAGE_STANDARD = gnu99;
				GCC_NO_COMMON_BLOCKS = YES;
				GCC_WARN_64_TO_32_BIT_CONVERSION = YES;
				GCC_WARN_ABOUT_RETURN_TYPE = YES_ERROR;
				GCC_WARN_UNDECLARED_SELECTOR = YES;
				GCC_WARN_UNINITIALIZED_AUTOS = YES_AGGRESSIVE;
				GCC_WARN_UNUSED_FUNCTION = YES;
				GCC_WARN_UNUSED_VARIABLE = YES;
				MACOSX_DEPLOYMENT_TARGET = 10.11;
				MTL_ENABLE_DEBUG_INFO = NO;
				SDKROOT = macosx;
			};
			name = Release;
		};
		EAB9025E1C48549300A906AC /* Debug */ = {
			isa = XCBuildConfiguration;
			buildSettings = {
				PRODUCT_NAME = "$(TARGET_NAME)";
			};
			name = Debug;
		};
		EAB9025F1C48549300A906AC /* Release */ = {
			isa = XCBuildConfiguration;
			buildSettings = {
				PRODUCT_NAME = "$(TARGET_NAME)";
			};
			name = Release;
		};
/* End XCBuildConfiguration section */

/* Begin XCConfigurationList section */
		EAB902511C48549300A906AC /* Build configuration list for PBXProject "ecs" */ = {
			isa = XCConfigurationList;
			buildConfigurations = (
				EAB9025B1C48549300A906AC /* Debug */,
				EAB9025C1C48549300A906AC /* Release */,
			);
			defaultConfigurationIsVisible = 0;
			defaultConfigurationName = Release;
		};
		EAB9025D1C48549300A906AC /* Build configuration list for PBXNativeTarget "ecs" */ = {
			isa = XCConfigurationList;
			buildConfigurations = (
				EAB9025E1C48549300A906AC /* Debug */,
				EAB9025F1C48549300A906AC /* Release */,
			);
			defaultConfigurationIsVisible = 0;
			defaultConfigurationName = Release;
		};
/* End XCConfigurationList section */
	};
	rootObject = EAB9024E1C48549300A906AC /* Project object */;
}
